{
  "name": "opstruth",
  "version": "0.2.0",
  "lockfileVersion": 3,
  "requires": true,
  "packages": {
    "": {
      "name": "opstruth",
      "version": "0.2.0",
      "license": "MIT",
      "bin": {
        "opstruth": "bin/opstruth.js"
      },
      "engines": {
        "node": ">=20"
      }
    }
  }
}
